
Microsoft Visual Studio Solution File, Format Version 12.00
# Visual Studio 2013
VisualStudioVersion = 12.0.21005.1
MinimumVisualStudioVersion = 10.0.40219.1
Project("{F2A71F9B-5D33-465A-A702-920D77279786}") = "TypeProviderTests", "TypeProviderTests.fsproj", "{E630D8EE-A47C-4F64-8BA1-CA41A36A0973}"
EndProject
Global
	GlobalSection(SolutionConfigurationPlatforms) = preSolution
		Debug|Any CPU = Debug|Any CPU
		Release|Any CPU = Release|Any CPU
	EndGlobalSection
	GlobalSection(ProjectConfigurationPlatforms) = postSolution
		{E630D8EE-A47C-4F64-8BA1-CA41A36A0973}.Debug|Any CPU.ActiveCfg = Debug|Any CPU
		{E630D8EE-A47C-4F64-8BA1-CA41A36A0973}.Debug|Any CPU.Build.0 = Debug|Any CPU
		{E630D8EE-A47C-4F64-8BA1-CA41A36A0973}.Release|Any CPU.ActiveCfg = Release|Any CPU
		{E630D8EE-A47C-4F64-8BA1-CA41A36A0973}.Release|Any CPU.Build.0 = Release|Any CPU
	EndGlobalSection
	GlobalSection(SolutionProperties) = preSolution
		HideSolutionNode = FALSE
	EndGlobalSection
EndGlobal
