
Microsoft Visual Studio Solution File, Format Version 12.00
# Visual Studio 2013
VisualStudioVersion = 12.0.21005.1
MinimumVisualStudioVersion = 10.0.40219.1
Project("{F2A71F9B-5D33-465A-A702-920D77279786}") = "Project1", "Project1\Project1.fsproj", "{77AA2E69-FDE6-4163-879F-AA370A036E0E}"
EndProject
Project("{F2A71F9B-5D33-465A-A702-920D77279786}") = "Project2", "Project2\Project2.fsproj", "{FBEA1597-C9BF-43AF-9A41-E540FF0ED70E}"
EndProject
Global
	GlobalSection(SolutionConfigurationPlatforms) = preSolution
		Debug|Any CPU = Debug|Any CPU
		Release|Any CPU = Release|Any CPU
	EndGlobalSection
	GlobalSection(ProjectConfigurationPlatforms) = postSolution
		{77AA2E69-FDE6-4163-879F-AA370A036E0E}.Debug|Any CPU.ActiveCfg = Debug|Any CPU
		{77AA2E69-FDE6-4163-879F-AA370A036E0E}.Debug|Any CPU.Build.0 = Debug|Any CPU
		{77AA2E69-FDE6-4163-879F-AA370A036E0E}.Release|Any CPU.ActiveCfg = Release|Any CPU
		{77AA2E69-FDE6-4163-879F-AA370A036E0E}.Release|Any CPU.Build.0 = Release|Any CPU
		{FBEA1597-C9BF-43AF-9A41-E540FF0ED70E}.Debug|Any CPU.ActiveCfg = Debug|Any CPU
		{FBEA1597-C9BF-43AF-9A41-E540FF0ED70E}.Debug|Any CPU.Build.0 = Debug|Any CPU
		{FBEA1597-C9BF-43AF-9A41-E540FF0ED70E}.Release|Any CPU.ActiveCfg = Release|Any CPU
		{FBEA1597-C9BF-43AF-9A41-E540FF0ED70E}.Release|Any CPU.Build.0 = Release|Any CPU
	EndGlobalSection
	GlobalSection(SolutionProperties) = preSolution
		HideSolutionNode = FALSE
	EndGlobalSection
EndGlobal
