
Microsoft Visual Studio Solution File, Format Version 12.00
# Visual Studio 2012
Project("{F2A71F9B-5D33-465A-A702-920D77279786}") = "MyFSParser", "MyFSParser\MyFSParser.fsproj", "{C11D4092-A6E2-4BB8-A27A-FB31959A71F8}"
EndProject
Project("{F2A71F9B-5D33-465A-A702-920D77279786}") = "VSIXColorizer", "VSIXColorizer\VSIXColorizer.fsproj", "{98F0CDBF-72B3-4D86-9259-08899889AB0A}"
EndProject
Global
	GlobalSection(SolutionConfigurationPlatforms) = preSolution
		Debug|Any CPU = Debug|Any CPU
		Proto|Any CPU = Proto|Any CPU
		Release|Any CPU = Release|Any CPU
	EndGlobalSection
	GlobalSection(ProjectConfigurationPlatforms) = postSolution
		{C11D4092-A6E2-4BB8-A27A-FB31959A71F8}.Debug|Any CPU.ActiveCfg = Debug|Any CPU
		{C11D4092-A6E2-4BB8-A27A-FB31959A71F8}.Debug|Any CPU.Build.0 = Debug|Any CPU
		{C11D4092-A6E2-4BB8-A27A-FB31959A71F8}.Proto|Any CPU.ActiveCfg = Release|Any CPU
		{C11D4092-A6E2-4BB8-A27A-FB31959A71F8}.Proto|Any CPU.Build.0 = Release|Any CPU
		{C11D4092-A6E2-4BB8-A27A-FB31959A71F8}.Release|Any CPU.ActiveCfg = Release|Any CPU
		{C11D4092-A6E2-4BB8-A27A-FB31959A71F8}.Release|Any CPU.Build.0 = Release|Any CPU
		{98F0CDBF-72B3-4D86-9259-08899889AB0A}.Debug|Any CPU.ActiveCfg = Debug|Any CPU
		{98F0CDBF-72B3-4D86-9259-08899889AB0A}.Debug|Any CPU.Build.0 = Debug|Any CPU
		{98F0CDBF-72B3-4D86-9259-08899889AB0A}.Proto|Any CPU.ActiveCfg = Release|Any CPU
		{98F0CDBF-72B3-4D86-9259-08899889AB0A}.Proto|Any CPU.Build.0 = Release|Any CPU
		{98F0CDBF-72B3-4D86-9259-08899889AB0A}.Release|Any CPU.ActiveCfg = Release|Any CPU
		{98F0CDBF-72B3-4D86-9259-08899889AB0A}.Release|Any CPU.Build.0 = Release|Any CPU
		{28DE250E-F9B4-4558-8D74-6E4A2B069F88}.Debug|Any CPU.ActiveCfg = Debug|Any CPU
		{28DE250E-F9B4-4558-8D74-6E4A2B069F88}.Debug|Any CPU.Build.0 = Debug|Any CPU
		{28DE250E-F9B4-4558-8D74-6E4A2B069F88}.Proto|Any CPU.ActiveCfg = Release|Any CPU
		{28DE250E-F9B4-4558-8D74-6E4A2B069F88}.Proto|Any CPU.Build.0 = Release|Any CPU
		{28DE250E-F9B4-4558-8D74-6E4A2B069F88}.Release|Any CPU.ActiveCfg = Release|Any CPU
		{28DE250E-F9B4-4558-8D74-6E4A2B069F88}.Release|Any CPU.Build.0 = Release|Any CPU
	EndGlobalSection
	GlobalSection(SolutionProperties) = preSolution
		HideSolutionNode = FALSE
	EndGlobalSection
EndGlobal
